
Microsoft Visual Studio Solution File, Format Version 12.00
# Visual Studio Version 17
VisualStudioVersion = 17.9.34902.65
MinimumVisualStudioVersion = 10.0.40219.1
Project("{FAE04EC0-301F-11D3-BF4B-00C04F79EFBC}") = "TLC", "TLC\TLC.csproj", "{64AB2221-36D8-46D8-9323-7AEEF3C0FC30}"
EndProject
Project("{FAE04EC0-301F-11D3-BF4B-00C04F79EFBC}") = "TLCBibliary", "TLCBibliary\TLCBibliary.csproj", "{FA531121-3B70-4083-B80B-CECB3FED0E67}"
EndProject
Global
	GlobalSection(SolutionConfigurationPlatforms) = preSolution
		Debug|Any CPU = Debug|Any CPU
		Release|Any CPU = Release|Any CPU
	EndGlobalSection
	GlobalSection(ProjectConfigurationPlatforms) = postSolution
		{64AB2221-36D8-46D8-9323-7AEEF3C0FC30}.Debug|Any CPU.ActiveCfg = Debug|Any CPU
		{64AB2221-36D8-46D8-9323-7AEEF3C0FC30}.Debug|Any CPU.Build.0 = Debug|Any CPU
		{64AB2221-36D8-46D8-9323-7AEEF3C0FC30}.Release|Any CPU.ActiveCfg = Release|Any CPU
		{64AB2221-36D8-46D8-9323-7AEEF3C0FC30}.Release|Any CPU.Build.0 = Release|Any CPU
		{FA531121-3B70-4083-B80B-CECB3FED0E67}.Debug|Any CPU.ActiveCfg = Debug|Any CPU
		{FA531121-3B70-4083-B80B-CECB3FED0E67}.Debug|Any CPU.Build.0 = Debug|Any CPU
		{FA531121-3B70-4083-B80B-CECB3FED0E67}.Release|Any CPU.ActiveCfg = Release|Any CPU
		{FA531121-3B70-4083-B80B-CECB3FED0E67}.Release|Any CPU.Build.0 = Release|Any CPU
	EndGlobalSection
	GlobalSection(SolutionProperties) = preSolution
		HideSolutionNode = FALSE
	EndGlobalSection
	GlobalSection(ExtensibilityGlobals) = postSolution
		SolutionGuid = {469CAFF7-E5F6-4951-A90F-419DE70BBD3C}
	EndGlobalSection
EndGlobal
